
Microsoft Visual Studio Solution File, Format Version 12.00
# Visual Studio Version 17
VisualStudioVersion = 17.14.36414.22
MinimumVisualStudioVersion = 10.0.40219.1
Project("{FAE04EC0-301F-11D3-BF4B-00C04F79EFBC}") = "Blog.Web", "Blog.Web\Blog.Web.csproj", "{36A12CE8-8BDD-443A-90F5-5F0FF56CFCAD}"
EndProject
Project("{FAE04EC0-301F-11D3-BF4B-00C04F79EFBC}") = "Blog.Infrastructure", "Blog.Infrastructure\Blog.Infrastructure.csproj", "{86EC5A1C-0897-4540-8515-74F0CE115154}"
EndProject
Project("{FAE04EC0-301F-11D3-BF4B-00C04F79EFBC}") = "Blog.Application", "Blog.Application\Blog.Application.csproj", "{5A1E9756-C563-4422-B580-47BF3DC433ED}"
EndProject
Project("{FAE04EC0-301F-11D3-BF4B-00C04F79EFBC}") = "Blog.Domain", "Blog.Domain\Blog.Domain.csproj", "{C02D292A-6412-4943-AB54-F6EEDFD38171}"
EndProject
Project("{2150E333-8FDC-42A3-9474-1A3956D46DE8}") = "presentation", "presentation", "{36D591C7-65C7-A0D1-1CBC-10CDE441BDC8}"
EndProject
Project("{2150E333-8FDC-42A3-9474-1A3956D46DE8}") = "core", "core", "{EF2792A0-5BB1-4075-B7FB-743C672D0781}"
EndProject
Project("{2150E333-8FDC-42A3-9474-1A3956D46DE8}") = "infrastructure", "infrastructure", "{A29CE49E-C62C-47BA-BDCC-9350A828138F}"
EndProject
Project("{2150E333-8FDC-42A3-9474-1A3956D46DE8}") = "tests", "tests", "{171D0861-C798-4968-A808-B4E5EDA90CEC}"
EndProject
Project("{FAE04EC0-301F-11D3-BF4B-00C04F79EFBC}") = "Blog.Application.Contracts", "Blog.Application.Contracts\Blog.Application.Contracts.csproj", "{C6B45899-755B-44F2-8D44-8E1238D3CA5D}"
EndProject
Project("{FAE04EC0-301F-11D3-BF4B-00C04F79EFBC}") = "Blog.DTOs", "Blog.DTOs\Blog.DTOs.csproj", "{F7A49946-D179-4DAD-A46D-97A85AF75AA0}"
EndProject
Project("{FAE04EC0-301F-11D3-BF4B-00C04F79EFBC}") = "Blog.Infrastructure.Contracts", "Blog.Infrastructure.Contracts\Blog.Infrastructure.Contracts.csproj", "{D2CEED98-CA6A-B632-BBBB-06F0C15C76E9}"
EndProject
Project("{FAE04EC0-301F-11D3-BF4B-00C04F79EFBC}") = "Blog.Api", "Blog.Api\Blog.Api.csproj", "{04CCE6E6-7040-4A70-BCAA-98A6423B7249}"
EndProject
Global
	GlobalSection(SolutionConfigurationPlatforms) = preSolution
		Debug|Any CPU = Debug|Any CPU
		Release|Any CPU = Release|Any CPU
	EndGlobalSection
	GlobalSection(ProjectConfigurationPlatforms) = postSolution
		{36A12CE8-8BDD-443A-90F5-5F0FF56CFCAD}.Debug|Any CPU.ActiveCfg = Debug|Any CPU
		{36A12CE8-8BDD-443A-90F5-5F0FF56CFCAD}.Debug|Any CPU.Build.0 = Debug|Any CPU
		{36A12CE8-8BDD-443A-90F5-5F0FF56CFCAD}.Release|Any CPU.ActiveCfg = Release|Any CPU
		{36A12CE8-8BDD-443A-90F5-5F0FF56CFCAD}.Release|Any CPU.Build.0 = Release|Any CPU
		{86EC5A1C-0897-4540-8515-74F0CE115154}.Debug|Any CPU.ActiveCfg = Debug|Any CPU
		{86EC5A1C-0897-4540-8515-74F0CE115154}.Debug|Any CPU.Build.0 = Debug|Any CPU
		{86EC5A1C-0897-4540-8515-74F0CE115154}.Release|Any CPU.ActiveCfg = Release|Any CPU
		{86EC5A1C-0897-4540-8515-74F0CE115154}.Release|Any CPU.Build.0 = Release|Any CPU
		{5A1E9756-C563-4422-B580-47BF3DC433ED}.Debug|Any CPU.ActiveCfg = Debug|Any CPU
		{5A1E9756-C563-4422-B580-47BF3DC433ED}.Debug|Any CPU.Build.0 = Debug|Any CPU
		{5A1E9756-C563-4422-B580-47BF3DC433ED}.Release|Any CPU.ActiveCfg = Release|Any CPU
		{5A1E9756-C563-4422-B580-47BF3DC433ED}.Release|Any CPU.Build.0 = Release|Any CPU
		{C02D292A-6412-4943-AB54-F6EEDFD38171}.Debug|Any CPU.ActiveCfg = Debug|Any CPU
		{C02D292A-6412-4943-AB54-F6EEDFD38171}.Debug|Any CPU.Build.0 = Debug|Any CPU
		{C02D292A-6412-4943-AB54-F6EEDFD38171}.Release|Any CPU.ActiveCfg = Release|Any CPU
		{C02D292A-6412-4943-AB54-F6EEDFD38171}.Release|Any CPU.Build.0 = Release|Any CPU
		{C6B45899-755B-44F2-8D44-8E1238D3CA5D}.Debug|Any CPU.ActiveCfg = Debug|Any CPU
		{C6B45899-755B-44F2-8D44-8E1238D3CA5D}.Debug|Any CPU.Build.0 = Debug|Any CPU
		{C6B45899-755B-44F2-8D44-8E1238D3CA5D}.Release|Any CPU.ActiveCfg = Release|Any CPU
		{C6B45899-755B-44F2-8D44-8E1238D3CA5D}.Release|Any CPU.Build.0 = Release|Any CPU
		{F7A49946-D179-4DAD-A46D-97A85AF75AA0}.Debug|Any CPU.ActiveCfg = Debug|Any CPU
		{F7A49946-D179-4DAD-A46D-97A85AF75AA0}.Debug|Any CPU.Build.0 = Debug|Any CPU
		{F7A49946-D179-4DAD-A46D-97A85AF75AA0}.Release|Any CPU.ActiveCfg = Release|Any CPU
		{F7A49946-D179-4DAD-A46D-97A85AF75AA0}.Release|Any CPU.Build.0 = Release|Any CPU
		{D2CEED98-CA6A-B632-BBBB-06F0C15C76E9}.Debug|Any CPU.ActiveCfg = Debug|Any CPU
		{D2CEED98-CA6A-B632-BBBB-06F0C15C76E9}.Debug|Any CPU.Build.0 = Debug|Any CPU
		{D2CEED98-CA6A-B632-BBBB-06F0C15C76E9}.Release|Any CPU.ActiveCfg = Release|Any CPU
		{D2CEED98-CA6A-B632-BBBB-06F0C15C76E9}.Release|Any CPU.Build.0 = Release|Any CPU
		{04CCE6E6-7040-4A70-BCAA-98A6423B7249}.Debug|Any CPU.ActiveCfg = Debug|Any CPU
		{04CCE6E6-7040-4A70-BCAA-98A6423B7249}.Debug|Any CPU.Build.0 = Debug|Any CPU
		{04CCE6E6-7040-4A70-BCAA-98A6423B7249}.Release|Any CPU.ActiveCfg = Release|Any CPU
		{04CCE6E6-7040-4A70-BCAA-98A6423B7249}.Release|Any CPU.Build.0 = Release|Any CPU
	EndGlobalSection
	GlobalSection(SolutionProperties) = preSolution
		HideSolutionNode = FALSE
	EndGlobalSection
	GlobalSection(NestedProjects) = preSolution
		{36A12CE8-8BDD-443A-90F5-5F0FF56CFCAD} = {36D591C7-65C7-A0D1-1CBC-10CDE441BDC8}
		{86EC5A1C-0897-4540-8515-74F0CE115154} = {A29CE49E-C62C-47BA-BDCC-9350A828138F}
		{5A1E9756-C563-4422-B580-47BF3DC433ED} = {EF2792A0-5BB1-4075-B7FB-743C672D0781}
		{C02D292A-6412-4943-AB54-F6EEDFD38171} = {A29CE49E-C62C-47BA-BDCC-9350A828138F}
		{C6B45899-755B-44F2-8D44-8E1238D3CA5D} = {EF2792A0-5BB1-4075-B7FB-743C672D0781}
		{F7A49946-D179-4DAD-A46D-97A85AF75AA0} = {EF2792A0-5BB1-4075-B7FB-743C672D0781}
		{D2CEED98-CA6A-B632-BBBB-06F0C15C76E9} = {A29CE49E-C62C-47BA-BDCC-9350A828138F}
		{04CCE6E6-7040-4A70-BCAA-98A6423B7249} = {36D591C7-65C7-A0D1-1CBC-10CDE441BDC8}
	EndGlobalSection
	GlobalSection(ExtensibilityGlobals) = postSolution
		SolutionGuid = {792964AF-645D-4A97-9547-82042BC70080}
	EndGlobalSection
EndGlobal
