
Microsoft Visual Studio Solution File, Format Version 12.00
# Visual Studio Version 17
VisualStudioVersion = 17.14.36414.22 d17.14
MinimumVisualStudioVersion = 10.0.40219.1
Project("{FAE04EC0-301F-11D3-BF4B-00C04F79EFBC}") = "Blog.Web", "Blog.Web\Blog.Web.csproj", "{36A12CE8-8BDD-443A-90F5-5F0FF56CFCAD}"
EndProject
Project("{FAE04EC0-301F-11D3-BF4B-00C04F79EFBC}") = "Blog.Infrastructure", "Blog.Infrastructure\Blog.Infrastructure.csproj", "{86EC5A1C-0897-4540-8515-74F0CE115154}"
EndProject
Project("{FAE04EC0-301F-11D3-BF4B-00C04F79EFBC}") = "Blog.Contracts", "Blog.Contracts\Blog.Contracts.csproj", "{5A1E9756-C563-4422-B580-47BF3DC433ED}"
EndProject
Global
	GlobalSection(SolutionConfigurationPlatforms) = preSolution
		Debug|Any CPU = Debug|Any CPU
		Release|Any CPU = Release|Any CPU
	EndGlobalSection
	GlobalSection(ProjectConfigurationPlatforms) = postSolution
		{36A12CE8-8BDD-443A-90F5-5F0FF56CFCAD}.Debug|Any CPU.ActiveCfg = Debug|Any CPU
		{36A12CE8-8BDD-443A-90F5-5F0FF56CFCAD}.Debug|Any CPU.Build.0 = Debug|Any CPU
		{36A12CE8-8BDD-443A-90F5-5F0FF56CFCAD}.Release|Any CPU.ActiveCfg = Release|Any CPU
		{36A12CE8-8BDD-443A-90F5-5F0FF56CFCAD}.Release|Any CPU.Build.0 = Release|Any CPU
		{86EC5A1C-0897-4540-8515-74F0CE115154}.Debug|Any CPU.ActiveCfg = Debug|Any CPU
		{86EC5A1C-0897-4540-8515-74F0CE115154}.Debug|Any CPU.Build.0 = Debug|Any CPU
		{86EC5A1C-0897-4540-8515-74F0CE115154}.Release|Any CPU.ActiveCfg = Release|Any CPU
		{86EC5A1C-0897-4540-8515-74F0CE115154}.Release|Any CPU.Build.0 = Release|Any CPU
		{5A1E9756-C563-4422-B580-47BF3DC433ED}.Debug|Any CPU.ActiveCfg = Debug|Any CPU
		{5A1E9756-C563-4422-B580-47BF3DC433ED}.Debug|Any CPU.Build.0 = Debug|Any CPU
		{5A1E9756-C563-4422-B580-47BF3DC433ED}.Release|Any CPU.ActiveCfg = Release|Any CPU
		{5A1E9756-C563-4422-B580-47BF3DC433ED}.Release|Any CPU.Build.0 = Release|Any CPU
	EndGlobalSection
	GlobalSection(SolutionProperties) = preSolution
		HideSolutionNode = FALSE
	EndGlobalSection
	GlobalSection(ExtensibilityGlobals) = postSolution
		SolutionGuid = {792964AF-645D-4A97-9547-82042BC70080}
	EndGlobalSection
EndGlobal
